// !$*UTF8*$!
{
	archiveVersion = 1;
	classes = {
	};
	objectVersion = 51;
	objects = {

/* Begin PBXBuildFile section */
		4370EF10344BB783D07B0227 /* Pods_ADMobGenSDKSwift.framework in Frameworks */ = {isa = PBXBuildFile; fileRef = E91F61CBFB6476360970ECA6 /* Pods_ADMobGenSDKSwift.framework */; };
		BF6EA6BD224873250022061F /* AppDelegate.swift in Sources */ = {isa = PBXBuildFile; fileRef = BF6EA6BC224873250022061F /* AppDelegate.swift */; };
		BF6EA6BF224873250022061F /* ViewController.swift in Sources */ = {isa = PBXBuildFile; fileRef = BF6EA6BE224873250022061F /* ViewController.swift */; };
		BF6EA6C2224873250022061F /* Main.storyboard in Resources */ = {isa = PBXBuildFile; fileRef = BF6EA6C0224873250022061F /* Main.storyboard */; };
		BF6EA6C4224873260022061F /* Assets.xcassets in Resources */ = {isa = PBXBuildFile; fileRef = BF6EA6C3224873260022061F /* Assets.xcassets */; };
		BF6EA6C7224873260022061F /* LaunchScreen.storyboard in Resources */ = {isa = PBXBuildFile; fileRef = BF6EA6C5224873260022061F /* LaunchScreen.storyboard */; };
		BF6EA6D02248E1740022061F /* ADMob_Logo.png in Resources */ = {isa = PBXBuildFile; fileRef = BF6EA6CF2248E1740022061F /* ADMob_Logo.png */; };
		BF6EA6D22248E1790022061F /* 750x1334.png in Resources */ = {isa = PBXBuildFile; fileRef = BF6EA6D12248E1790022061F /* 750x1334.png */; };
		BF6EA6D42248EF660022061F /* ADMobGenSplashViewController.swift in Sources */ = {isa = PBXBuildFile; fileRef = BF6EA6D32248EF660022061F /* ADMobGenSplashViewController.swift */; };
		BF6EA6D62248EF800022061F /* ADMobGenBannerViewController.swift in Sources */ = {isa = PBXBuildFile; fileRef = BF6EA6D52248EF800022061F /* ADMobGenBannerViewController.swift */; };
		BF6EA6D82248EFC70022061F /* ADMobGenRewardvodViewController.swift in Sources */ = {isa = PBXBuildFile; fileRef = BF6EA6D72248EFC70022061F /* ADMobGenRewardvodViewController.swift */; };
		BF6EA6DA2248EFD90022061F /* ADMobGenNativeExpressViewController.swift in Sources */ = {isa = PBXBuildFile; fileRef = BF6EA6D92248EFD90022061F /* ADMobGenNativeExpressViewController.swift */; };
		BFD2B3BA22AF53510073426B /* ADMobGenTool.swift in Sources */ = {isa = PBXBuildFile; fileRef = BFD2B3B922AF53510073426B /* ADMobGenTool.swift */; };
/* End PBXBuildFile section */

/* Begin PBXFileReference section */
		3025DB50064E7B1EC3C3CC3C /* Pods-ADMobGenSDKSwift.release.xcconfig */ = {isa = PBXFileReference; includeInIndex = 1; lastKnownFileType = text.xcconfig; name = "Pods-ADMobGenSDKSwift.release.xcconfig"; path = "Pods/Target Support Files/Pods-ADMobGenSDKSwift/Pods-ADMobGenSDKSwift.release.xcconfig"; sourceTree = "<group>"; };
		986D89D609F1BFE9D9C7A447 /* Pods-ADMobGenSDKSwift.debug.xcconfig */ = {isa = PBXFileReference; includeInIndex = 1; lastKnownFileType = text.xcconfig; name = "Pods-ADMobGenSDKSwift.debug.xcconfig"; path = "Pods/Target Support Files/Pods-ADMobGenSDKSwift/Pods-ADMobGenSDKSwift.debug.xcconfig"; sourceTree = "<group>"; };
		BF6EA6B9224873250022061F /* ADMobGenSDKSwift.app */ = {isa = PBXFileReference; explicitFileType = wrapper.application; includeInIndex = 0; path = ADMobGenSDKSwift.app; sourceTree = BUILT_PRODUCTS_DIR; };
		BF6EA6BC224873250022061F /* AppDelegate.swift */ = {isa = PBXFileReference; lastKnownFileType = sourcecode.swift; path = AppDelegate.swift; sourceTree = "<group>"; };
		BF6EA6BE224873250022061F /* ViewController.swift */ = {isa = PBXFileReference; lastKnownFileType = sourcecode.swift; path = ViewController.swift; sourceTree = "<group>"; };
		BF6EA6C1224873250022061F /* Base */ = {isa = PBXFileReference; lastKnownFileType = file.storyboard; name = Base; path = Base.lproj/Main.storyboard; sourceTree = "<group>"; };
		BF6EA6C3224873260022061F /* Assets.xcassets */ = {isa = PBXFileReference; lastKnownFileType = folder.assetcatalog; path = Assets.xcassets; sourceTree = "<group>"; };
		BF6EA6C6224873260022061F /* Base */ = {isa = PBXFileReference; lastKnownFileType = file.storyboard; name = Base; path = Base.lproj/LaunchScreen.storyboard; sourceTree = "<group>"; };
		BF6EA6C8224873260022061F /* Info.plist */ = {isa = PBXFileReference; lastKnownFileType = text.plist.xml; path = Info.plist; sourceTree = "<group>"; };
		BF6EA6CE224875BB0022061F /* ADMobGenSDKSwift-Bridging-Header.h */ = {isa = PBXFileReference; lastKnownFileType = sourcecode.c.h; path = "ADMobGenSDKSwift-Bridging-Header.h"; sourceTree = "<group>"; };
		BF6EA6CF2248E1740022061F /* ADMob_Logo.png */ = {isa = PBXFileReference; lastKnownFileType = image.png; path = ADMob_Logo.png; sourceTree = "<group>"; };
		BF6EA6D12248E1790022061F /* 750x1334.png */ = {isa = PBXFileReference; lastKnownFileType = image.png; path = 750x1334.png; sourceTree = "<group>"; };
		BF6EA6D32248EF660022061F /* ADMobGenSplashViewController.swift */ = {isa = PBXFileReference; lastKnownFileType = sourcecode.swift; path = ADMobGenSplashViewController.swift; sourceTree = "<group>"; };
		BF6EA6D52248EF800022061F /* ADMobGenBannerViewController.swift */ = {isa = PBXFileReference; lastKnownFileType = sourcecode.swift; path = ADMobGenBannerViewController.swift; sourceTree = "<group>"; };
		BF6EA6D72248EFC70022061F /* ADMobGenRewardvodViewController.swift */ = {isa = PBXFileReference; lastKnownFileType = sourcecode.swift; path = ADMobGenRewardvodViewController.swift; sourceTree = "<group>"; };
		BF6EA6D92248EFD90022061F /* ADMobGenNativeExpressViewController.swift */ = {isa = PBXFileReference; lastKnownFileType = sourcecode.swift; path = ADMobGenNativeExpressViewController.swift; sourceTree = "<group>"; };
		BFD2B3B922AF53510073426B /* ADMobGenTool.swift */ = {isa = PBXFileReference; lastKnownFileType = sourcecode.swift; path = ADMobGenTool.swift; sourceTree = "<group>"; };
		E91F61CBFB6476360970ECA6 /* Pods_ADMobGenSDKSwift.framework */ = {isa = PBXFileReference; explicitFileType = wrapper.framework; includeInIndex = 0; path = Pods_ADMobGenSDKSwift.framework; sourceTree = BUILT_PRODUCTS_DIR; };
/* End PBXFileReference section */

/* Begin PBXFrameworksBuildPhase section */
		BF6EA6B6224873250022061F /* Frameworks */ = {
			isa = PBXFrameworksBuildPhase;
			buildActionMask = 2147483647;
			files = (
				4370EF10344BB783D07B0227 /* Pods_ADMobGenSDKSwift.framework in Frameworks */,
			);
			runOnlyForDeploymentPostprocessing = 0;
		};
/* End PBXFrameworksBuildPhase section */

/* Begin PBXGroup section */
		16695E7613C66FD9A92918A7 /* Pods */ = {
			isa = PBXGroup;
			children = (
				986D89D609F1BFE9D9C7A447 /* Pods-ADMobGenSDKSwift.debug.xcconfig */,
				3025DB50064E7B1EC3C3CC3C /* Pods-ADMobGenSDKSwift.release.xcconfig */,
			);
			name = Pods;
			sourceTree = "<group>";
		};
		6746AD4581764910FDD51D77 /* Frameworks */ = {
			isa = PBXGroup;
			children = (
				E91F61CBFB6476360970ECA6 /* Pods_ADMobGenSDKSwift.framework */,
			);
			name = Frameworks;
			sourceTree = "<group>";
		};
		BF6EA6B0224873250022061F = {
			isa = PBXGroup;
			children = (
				BF6EA6BB224873250022061F /* ADMobGenSDKSwift */,
				BF6EA6BA224873250022061F /* Products */,
				16695E7613C66FD9A92918A7 /* Pods */,
				6746AD4581764910FDD51D77 /* Frameworks */,
			);
			sourceTree = "<group>";
		};
		BF6EA6BA224873250022061F /* Products */ = {
			isa = PBXGroup;
			children = (
				BF6EA6B9224873250022061F /* ADMobGenSDKSwift.app */,
			);
			name = Products;
			sourceTree = "<group>";
		};
		BF6EA6BB224873250022061F /* ADMobGenSDKSwift */ = {
			isa = PBXGroup;
			children = (
				BF6EA6CF2248E1740022061F /* ADMob_Logo.png */,
				BF6EA6D12248E1790022061F /* 750x1334.png */,
				BF6EA6BC224873250022061F /* AppDelegate.swift */,
				BF6EA6BE224873250022061F /* ViewController.swift */,
				BF6EA6D32248EF660022061F /* ADMobGenSplashViewController.swift */,
				BF6EA6D52248EF800022061F /* ADMobGenBannerViewController.swift */,
				BF6EA6D72248EFC70022061F /* ADMobGenRewardvodViewController.swift */,
				BF6EA6D92248EFD90022061F /* ADMobGenNativeExpressViewController.swift */,
				BF6EA6C0224873250022061F /* Main.storyboard */,
				BF6EA6C3224873260022061F /* Assets.xcassets */,
				BF6EA6C5224873260022061F /* LaunchScreen.storyboard */,
				BF6EA6C8224873260022061F /* Info.plist */,
				BF6EA6CE224875BB0022061F /* ADMobGenSDKSwift-Bridging-Header.h */,
				BFD2B3B922AF53510073426B /* ADMobGenTool.swift */,
			);
			path = ADMobGenSDKSwift;
			sourceTree = "<group>";
		};
/* End PBXGroup section */

/* Begin PBXNativeTarget section */
		BF6EA6B8224873250022061F /* ADMobGenSDKSwift */ = {
			isa = PBXNativeTarget;
			buildConfigurationList = BF6EA6CB224873260022061F /* Build configuration list for PBXNativeTarget "ADMobGenSDKSwift" */;
			buildPhases = (
				9042D6BF2062487C26664746 /* [CP] Check Pods Manifest.lock */,
				BF6EA6B5224873250022061F /* Sources */,
				BF6EA6B6224873250022061F /* Frameworks */,
				BF6EA6B7224873250022061F /* Resources */,
				81B3744B83054E383745D418 /* [CP] Copy Pods Resources */,
			);
			buildRules = (
			);
			dependencies = (
			);
			name = ADMobGenSDKSwift;
			productName = ADMobGenSDKSwift;
			productReference = BF6EA6B9224873250022061F /* ADMobGenSDKSwift.app */;
			productType = "com.apple.product-type.application";
		};
/* End PBXNativeTarget section */

/* Begin PBXProject section */
		BF6EA6B1224873250022061F /* Project object */ = {
			isa = PBXProject;
			attributes = {
				LastSwiftUpdateCheck = 1010;
				LastUpgradeCheck = 1010;
				ORGANIZATIONNAME = "陈坤";
				TargetAttributes = {
					BF6EA6B8224873250022061F = {
						CreatedOnToolsVersion = 10.1;
					};
				};
			};
			buildConfigurationList = BF6EA6B4224873250022061F /* Build configuration list for PBXProject "ADMobGenSDKSwift" */;
			compatibilityVersion = "Xcode 9.3";
			developmentRegion = en;
			hasScannedForEncodings = 0;
			knownRegions = (
				en,
				Base,
			);
			mainGroup = BF6EA6B0224873250022061F;
			productRefGroup = BF6EA6BA224873250022061F /* Products */;
			projectDirPath = "";
			projectRoot = "";
			targets = (
				BF6EA6B8224873250022061F /* ADMobGenSDKSwift */,
			);
		};
/* End PBXProject section */

/* Begin PBXResourcesBuildPhase section */
		BF6EA6B7224873250022061F /* Resources */ = {
			isa = PBXResourcesBuildPhase;
			buildActionMask = 2147483647;
			files = (
				BF6EA6D02248E1740022061F /* ADMob_Logo.png in Resources */,
				BF6EA6C7224873260022061F /* LaunchScreen.storyboard in Resources */,
				BF6EA6C4224873260022061F /* Assets.xcassets in Resources */,
				BF6EA6C2224873250022061F /* Main.storyboard in Resources */,
				BF6EA6D22248E1790022061F /* 750x1334.png in Resources */,
			);
			runOnlyForDeploymentPostprocessing = 0;
		};
/* End PBXResourcesBuildPhase section */

/* Begin PBXShellScriptBuildPhase section */
		81B3744B83054E383745D418 /* [CP] Copy Pods Resources */ = {
			isa = PBXShellScriptBuildPhase;
			buildActionMask = 2147483647;
			files = (
			);
			inputFileListPaths = (
				"${PODS_ROOT}/Target Support Files/Pods-ADMobGenSDKSwift/Pods-ADMobGenSDKSwift-resources-${CONFIGURATION}-input-files.xcfilelist",
			);
			name = "[CP] Copy Pods Resources";
			outputFileListPaths = (
				"${PODS_ROOT}/Target Support Files/Pods-ADMobGenSDKSwift/Pods-ADMobGenSDKSwift-resources-${CONFIGURATION}-output-files.xcfilelist",
			);
			runOnlyForDeploymentPostprocessing = 0;
			shellPath = /bin/sh;
			shellScript = "\"${PODS_ROOT}/Target Support Files/Pods-ADMobGenSDKSwift/Pods-ADMobGenSDKSwift-resources.sh\"\n";
			showEnvVarsInLog = 0;
		};
		9042D6BF2062487C26664746 /* [CP] Check Pods Manifest.lock */ = {
			isa = PBXShellScriptBuildPhase;
			buildActionMask = 2147483647;
			files = (
			);
			inputFileListPaths = (
			);
			inputPaths = (
				"${PODS_PODFILE_DIR_PATH}/Podfile.lock",
				"${PODS_ROOT}/Manifest.lock",
			);
			name = "[CP] Check Pods Manifest.lock";
			outputFileListPaths = (
			);
			outputPaths = (
				"$(DERIVED_FILE_DIR)/Pods-ADMobGenSDKSwift-checkManifestLockResult.txt",
			);
			runOnlyForDeploymentPostprocessing = 0;
			shellPath = /bin/sh;
			shellScript = "diff \"${PODS_PODFILE_DIR_PATH}/Podfile.lock\" \"${PODS_ROOT}/Manifest.lock\" > /dev/null\nif [ $? != 0 ] ; then\n    # print error to STDERR\n    echo \"error: The sandbox is not in sync with the Podfile.lock. Run 'pod install' or update your CocoaPods installation.\" >&2\n    exit 1\nfi\n# This output is used by Xcode 'outputs' to avoid re-running this script phase.\necho \"SUCCESS\" > \"${SCRIPT_OUTPUT_FILE_0}\"\n";
			showEnvVarsInLog = 0;
		};
/* End PBXShellScriptBuildPhase section */

/* Begin PBXSourcesBuildPhase section */
		BF6EA6B5224873250022061F /* Sources */ = {
			isa = PBXSourcesBuildPhase;
			buildActionMask = 2147483647;
			files = (
				BF6EA6BF224873250022061F /* ViewController.swift in Sources */,
				BFD2B3BA22AF53510073426B /* ADMobGenTool.swift in Sources */,
				BF6EA6BD224873250022061F /* AppDelegate.swift in Sources */,
				BF6EA6D42248EF660022061F /* ADMobGenSplashViewController.swift in Sources */,
				BF6EA6D82248EFC70022061F /* ADMobGenRewardvodViewController.swift in Sources */,
				BF6EA6D62248EF800022061F /* ADMobGenBannerViewController.swift in Sources */,
				BF6EA6DA2248EFD90022061F /* ADMobGenNativeExpressViewController.swift in Sources */,
			);
			runOnlyForDeploymentPostprocessing = 0;
		};
/* End PBXSourcesBuildPhase section */

/* Begin PBXVariantGroup section */
		BF6EA6C0224873250022061F /* Main.storyboard */ = {
			isa = PBXVariantGroup;
			children = (
				BF6EA6C1224873250022061F /* Base */,
			);
			name = Main.storyboard;
			sourceTree = "<group>";
		};
		BF6EA6C5224873260022061F /* LaunchScreen.storyboard */ = {
			isa = PBXVariantGroup;
			children = (
				BF6EA6C6224873260022061F /* Base */,
			);
			name = LaunchScreen.storyboard;
			sourceTree = "<group>";
		};
/* End PBXVariantGroup section */

/* Begin XCBuildConfiguration section */
		BF6EA6C9224873260022061F /* Debug */ = {
			isa = XCBuildConfiguration;
			buildSettings = {
				ALWAYS_SEARCH_USER_PATHS = NO;
				CLANG_ANALYZER_NONNULL = YES;
				CLANG_ANALYZER_NUMBER_OBJECT_CONVERSION = YES_AGGRESSIVE;
				CLANG_CXX_LANGUAGE_STANDARD = "gnu++14";
				CLANG_CXX_LIBRARY = "libc++";
				CLANG_ENABLE_MODULES = YES;
				CLANG_ENABLE_OBJC_ARC = YES;
				CLANG_ENABLE_OBJC_WEAK = YES;
				CLANG_WARN_BLOCK_CAPTURE_AUTORELEASING = YES;
				CLANG_WARN_BOOL_CONVERSION = YES;
				CLANG_WARN_COMMA = YES;
				CLANG_WARN_CONSTANT_CONVERSION = YES;
				CLANG_WARN_DEPRECATED_OBJC_IMPLEMENTATIONS = YES;
				CLANG_WARN_DIRECT_OBJC_ISA_USAGE = YES_ERROR;
				CLANG_WARN_DOCUMENTATION_COMMENTS = YES;
				CLANG_WARN_EMPTY_BODY = YES;
				CLANG_WARN_ENUM_CONVERSION = YES;
				CLANG_WARN_INFINITE_RECURSION = YES;
				CLANG_WARN_INT_CONVERSION = YES;
				CLANG_WARN_NON_LITERAL_NULL_CONVERSION = YES;
				CLANG_WARN_OBJC_IMPLICIT_RETAIN_SELF = YES;
				CLANG_WARN_OBJC_LITERAL_CONVERSION = YES;
				CLANG_WARN_OBJC_ROOT_CLASS = YES_ERROR;
				CLANG_WARN_RANGE_LOOP_ANALYSIS = YES;
				CLANG_WARN_STRICT_PROTOTYPES = YES;
				CLANG_WARN_SUSPICIOUS_MOVE = YES;
				CLANG_WARN_UNGUARDED_AVAILABILITY = YES_AGGRESSIVE;
				CLANG_WARN_UNREACHABLE_CODE = YES;
				CLANG_WARN__DUPLICATE_METHOD_MATCH = YES;
				CODE_SIGN_IDENTITY = "iPhone Developer";
				COPY_PHASE_STRIP = NO;
				DEBUG_INFORMATION_FORMAT = dwarf;
				ENABLE_STRICT_OBJC_MSGSEND = YES;
				ENABLE_TESTABILITY = YES;
				GCC_C_LANGUAGE_STANDARD = gnu11;
				GCC_DYNAMIC_NO_PIC = NO;
				GCC_NO_COMMON_BLOCKS = YES;
				GCC_OPTIMIZATION_LEVEL = 0;
				GCC_PREPROCESSOR_DEFINITIONS = (
					"DEBUG=1",
					"$(inherited)",
				);
				GCC_WARN_64_TO_32_BIT_CONVERSION = YES;
				GCC_WARN_ABOUT_RETURN_TYPE = YES_ERROR;
				GCC_WARN_UNDECLARED_SELECTOR = YES;
				GCC_WARN_UNINITIALIZED_AUTOS = YES_AGGRESSIVE;
				GCC_WARN_UNUSED_FUNCTION = YES;
				GCC_WARN_UNUSED_VARIABLE = YES;
				IPHONEOS_DEPLOYMENT_TARGET = 12.1;
				MTL_ENABLE_DEBUG_INFO = INCLUDE_SOURCE;
				MTL_FAST_MATH = YES;
				ONLY_ACTIVE_ARCH = YES;
				SDKROOT = iphoneos;
				SWIFT_ACTIVE_COMPILATION_CONDITIONS = DEBUG;
				SWIFT_OPTIMIZATION_LEVEL = "-Onone";
			};
			name = Debug;
		};
		BF6EA6CA224873260022061F /* Release */ = {
			isa = XCBuildConfiguration;
			buildSettings = {
				ALWAYS_SEARCH_USER_PATHS = NO;
				CLANG_ANALYZER_NONNULL = YES;
				CLANG_ANALYZER_NUMBER_OBJECT_CONVERSION = YES_AGGRESSIVE;
				CLANG_CXX_LANGUAGE_STANDARD = "gnu++14";
				CLANG_CXX_LIBRARY = "libc++";
				CLANG_ENABLE_MODULES = YES;
				CLANG_ENABLE_OBJC_ARC = YES;
				CLANG_ENABLE_OBJC_WEAK = YES;
				CLANG_WARN_BLOCK_CAPTURE_AUTORELEASING = YES;
				CLANG_WARN_BOOL_CONVERSION = YES;
				CLANG_WARN_COMMA = YES;
				CLANG_WARN_CONSTANT_CONVERSION = YES;
				CLANG_WARN_DEPRECATED_OBJC_IMPLEMENTATIONS = YES;
				CLANG_WARN_DIRECT_OBJC_ISA_USAGE = YES_ERROR;
				CLANG_WARN_DOCUMENTATION_COMMENTS = YES;
				CLANG_WARN_EMPTY_BODY = YES;
				CLANG_WARN_ENUM_CONVERSION = YES;
				CLANG_WARN_INFINITE_RECURSION = YES;
				CLANG_WARN_INT_CONVERSION = YES;
				CLANG_WARN_NON_LITERAL_NULL_CONVERSION = YES;
				CLANG_WARN_OBJC_IMPLICIT_RETAIN_SELF = YES;
				CLANG_WARN_OBJC_LITERAL_CONVERSION = YES;
				CLANG_WARN_OBJC_ROOT_CLASS = YES_ERROR;
				CLANG_WARN_RANGE_LOOP_ANALYSIS = YES;
				CLANG_WARN_STRICT_PROTOTYPES = YES;
				CLANG_WARN_SUSPICIOUS_MOVE = YES;
				CLANG_WARN_UNGUARDED_AVAILABILITY = YES_AGGRESSIVE;
				CLANG_WARN_UNREACHABLE_CODE = YES;
				CLANG_WARN__DUPLICATE_METHOD_MATCH = YES;
				CODE_SIGN_IDENTITY = "iPhone Developer";
				COPY_PHASE_STRIP = NO;
				DEBUG_INFORMATION_FORMAT = "dwarf-with-dsym";
				ENABLE_NS_ASSERTIONS = NO;
				ENABLE_STRICT_OBJC_MSGSEND = YES;
				GCC_C_LANGUAGE_STANDARD = gnu11;
				GCC_NO_COMMON_BLOCKS = YES;
				GCC_WARN_64_TO_32_BIT_CONVERSION = YES;
				GCC_WARN_ABOUT_RETURN_TYPE = YES_ERROR;
				GCC_WARN_UNDECLARED_SELECTOR = YES;
				GCC_WARN_UNINITIALIZED_AUTOS = YES_AGGRESSIVE;
				GCC_WARN_UNUSED_FUNCTION = YES;
				GCC_WARN_UNUSED_VARIABLE = YES;
				IPHONEOS_DEPLOYMENT_TARGET = 12.1;
				MTL_ENABLE_DEBUG_INFO = NO;
				MTL_FAST_MATH = YES;
				SDKROOT = iphoneos;
				SWIFT_COMPILATION_MODE = wholemodule;
				SWIFT_OPTIMIZATION_LEVEL = "-O";
				VALIDATE_PRODUCT = YES;
			};
			name = Release;
		};
		BF6EA6CC224873260022061F /* Debug */ = {
			isa = XCBuildConfiguration;
			baseConfigurationReference = 986D89D609F1BFE9D9C7A447 /* Pods-ADMobGenSDKSwift.debug.xcconfig */;
			buildSettings = {
				ASSETCATALOG_COMPILER_APPICON_NAME = AppIcon;
				ASSETCATALOG_COMPILER_LAUNCHIMAGE_NAME = LaunchImage;
				CODE_SIGN_STYLE = Automatic;
				DEVELOPMENT_TEAM = XV36ECQQZA;
				INFOPLIST_FILE = ADMobGenSDKSwift/Info.plist;
				IPHONEOS_DEPLOYMENT_TARGET = 9.2;
				LD_RUNPATH_SEARCH_PATHS = (
					"$(inherited)",
					"@executable_path/Frameworks",
				);
				PRODUCT_BUNDLE_IDENTIFIER = cn.smallrecipeapp.beauty;
				PRODUCT_NAME = "$(TARGET_NAME)";
				SWIFT_OBJC_BRIDGING_HEADER = "ADMobGenSDKSwift/ADMobGenSDKSwift-Bridging-Header.h";
				SWIFT_VERSION = 4.2;
				TARGETED_DEVICE_FAMILY = 1;
				USER_HEADER_SEARCH_PATHS = "$(SRCROOT)/**";
			};
			name = Debug;
		};
		BF6EA6CD224873260022061F /* Release */ = {
			isa = XCBuildConfiguration;
			baseConfigurationReference = 3025DB50064E7B1EC3C3CC3C /* Pods-ADMobGenSDKSwift.release.xcconfig */;
			buildSettings = {
				ASSETCATALOG_COMPILER_APPICON_NAME = AppIcon;
				ASSETCATALOG_COMPILER_LAUNCHIMAGE_NAME = LaunchImage;
				CODE_SIGN_STYLE = Automatic;
				DEVELOPMENT_TEAM = XV36ECQQZA;
				INFOPLIST_FILE = ADMobGenSDKSwift/Info.plist;
				IPHONEOS_DEPLOYMENT_TARGET = 9.2;
				LD_RUNPATH_SEARCH_PATHS = (
					"$(inherited)",
					"@executable_path/Frameworks",
				);
				PRODUCT_BUNDLE_IDENTIFIER = cn.smallrecipeapp.beauty;
				PRODUCT_NAME = "$(TARGET_NAME)";
				SWIFT_OBJC_BRIDGING_HEADER = "ADMobGenSDKSwift/ADMobGenSDKSwift-Bridging-Header.h";
				SWIFT_VERSION = 4.2;
				TARGETED_DEVICE_FAMILY = 1;
				USER_HEADER_SEARCH_PATHS = "$(SRCROOT)/**";
			};
			name = Release;
		};
/* End XCBuildConfiguration section */

/* Begin XCConfigurationList section */
		BF6EA6B4224873250022061F /* Build configuration list for PBXProject "ADMobGenSDKSwift" */ = {
			isa = XCConfigurationList;
			buildConfigurations = (
				BF6EA6C9224873260022061F /* Debug */,
				BF6EA6CA224873260022061F /* Release */,
			);
			defaultConfigurationIsVisible = 0;
			defaultConfigurationName = Release;
		};
		BF6EA6CB224873260022061F /* Build configuration list for PBXNativeTarget "ADMobGenSDKSwift" */ = {
			isa = XCConfigurationList;
			buildConfigurations = (
				BF6EA6CC224873260022061F /* Debug */,
				BF6EA6CD224873260022061F /* Release */,
			);
			defaultConfigurationIsVisible = 0;
			defaultConfigurationName = Release;
		};
/* End XCConfigurationList section */
	};
	rootObject = BF6EA6B1224873250022061F /* Project object */;
}
